version: 2.0
shards:
  ameba:
    git: https://github.com/crystal-ameba/ameba.git
    version: 1.5.0

  amq-protocol:
    git: https://github.com/cloudamqp/amq-protocol.cr.git
    version: 1.1.4

  amqp-client:
    git: https://github.com/cloudamqp/amqp-client.cr.git
    version: 1.0.11

  logger:
    git: https://github.com/84codes/logger.cr.git
    version: 1.0.2

